
Microsoft Visual Studio Solution File, Format Version 12.00
# Visual Studio 15
VisualStudioVersion = 15.0.27130.2027
MinimumVisualStudioVersion = 10.0.40219.1
Project("{FAE04EC0-301F-11D3-BF4B-00C04F79EFBC}") = "Speiseplan", "Speiseplan\Speiseplan.csproj", "{971E9E87-0E61-4A9D-9F01-D36A2F09AA60}"
EndProject
Global
	GlobalSection(SolutionConfigurationPlatforms) = preSolution
		Debug|Any CPU = Debug|Any CPU
		Release|Any CPU = Release|Any CPU
	EndGlobalSection
	GlobalSection(ProjectConfigurationPlatforms) = postSolution
		{971E9E87-0E61-4A9D-9F01-D36A2F09AA60}.Debug|Any CPU.ActiveCfg = Debug|Any CPU
		{971E9E87-0E61-4A9D-9F01-D36A2F09AA60}.Debug|Any CPU.Build.0 = Debug|Any CPU
		{971E9E87-0E61-4A9D-9F01-D36A2F09AA60}.Release|Any CPU.ActiveCfg = Release|Any CPU
		{971E9E87-0E61-4A9D-9F01-D36A2F09AA60}.Release|Any CPU.Build.0 = Release|Any CPU
	EndGlobalSection
	GlobalSection(SolutionProperties) = preSolution
		HideSolutionNode = FALSE
	EndGlobalSection
	GlobalSection(ExtensibilityGlobals) = postSolution
		SolutionGuid = {6DED0EFE-9CC1-4E5C-9BCE-39F63601C24A}
	EndGlobalSection
EndGlobal
